// !$*UTF8*$!
{
	archiveVersion = 1;
	classes = {
	};
	objectVersion = 77;
	objects = {

/* Begin PBXContainerItemProxy section */
		A9419F5C2FF0240100CB21C7 /* PBXContainerItemProxy */ = {
			isa = PBXContainerItemProxy;
			containerPortal = A9419F442FF023FF00CB21C7 /* Project object */;
			proxyType = 1;
			remoteGlobalIDString = A9419F4B2FF023FF00CB21C7;
			remoteInfo = QuestionBankApp;
		};
		A9419F662FF0240100CB21C7 /* PBXContainerItemProxy */ = {
			isa = PBXContainerItemProxy;
			containerPortal = A9419F442FF023FF00CB21C7 /* Project object */;
			proxyType = 1;
			remoteGlobalIDString = A9419F4B2FF023FF00CB21C7;
			remoteInfo = QuestionBankApp;
		};
/* End PBXContainerItemProxy section */

/* Begin PBXFileReference section */
		A9419F4C2FF023FF00CB21C7 /* QuestionBankApp.app */ = {isa = PBXFileReference; explicitFileType = wrapper.application; includeInIndex = 0; path = QuestionBankApp.app; sourceTree = BUILT_PRODUCTS_DIR; };
		A9419F5B2FF0240100CB21C7 /* QuestionBankAppTests.xctest */ = {isa = PBXFileReference; explicitFileType = wrapper.cfbundle; includeInIndex = 0; path = QuestionBankAppTests.xctest; sourceTree = BUILT_PRODUCTS_DIR; };
		A9419F652FF0240100CB21C7 /* QuestionBankAppUITests.xctest */ = {isa = PBXFileReference; explicitFileType = wrapper.cfbundle; includeInIndex = 0; path = QuestionBankAppUITests.xctest; sourceTree = BUILT_PRODUCTS_DIR; };
/* End PBXFileReference section */

/* Begin PBXFileSystemSynchronizedRootGroup section */
		A9419F4E2FF023FF00CB21C7 /* QuestionBankApp */ = {
			isa = PBXFileSystemSynchronizedRootGroup;
			path = QuestionBankApp;
			sourceTree = "<group>";
		};
		A9419F5E2FF0240100CB21C7 /* QuestionBankAppTests */ = {
			isa = PBXFileSystemSynchronizedRootGroup;
			path = QuestionBankAppTests;
			sourceTree = "<group>";
		};
		A9419F682FF0240100CB21C7 /* QuestionBankAppUITests */ = {
			isa = PBXFileSystemSynchronizedRootGroup;
			path = QuestionBankAppUITests;
			sourceTree = "<group>";
		};
/* End PBXFileSystemSynchronizedRootGroup section */

/* Begin PBXFrameworksBuildPhase section */
		A9419F492FF023FF00CB21C7 /* Frameworks */ = {
			isa = PBXFrameworksBuildPhase;
			buildActionMask = 2147483647;
			files = (
			);
			runOnlyForDeploymentPostprocessing = 0;
		};
		A9419F582FF0240100CB21C7 /* Frameworks */ = {
			isa = PBXFrameworksBuildPhase;
			buildActionMask = 2147483647;
			files = (
			);
			runOnlyForDeploymentPostprocessing = 0;
		};
		A9419F622FF0240100CB21C7 /* Frameworks */ = {
			isa = PBXFrameworksBuildPhase;
			buildActionMask = 2147483647;
			files = (
			);
			runOnlyForDeploymentPostprocessing = 0;
		};
/* End PBXFrameworksBuildPhase section */

/* Begin PBXGroup section */
		A9419F432FF023FF00CB21C7 = {
			isa = PBXGroup;
			children = (
				A9419F4E2FF023FF00CB21C7 /* QuestionBankApp */,
				A9419F5E2FF0240100CB21C7 /* QuestionBankAppTests */,
				A9419F682FF0240100CB21C7 /* QuestionBankAppUITests */,
				A9419F4D2FF023FF00CB21C7 /* Products */,
			);
			sourceTree = "<group>";
		};
		A9419F4D2FF023FF00CB21C7 /* Products */ = {
			isa = PBXGroup;
			children = (
				A9419F4C2FF023FF00CB21C7 /* QuestionBankApp.app */,
				A9419F5B2FF0240100CB21C7 /* QuestionBankAppTests.xctest */,
				A9419F652FF0240100CB21C7 /* QuestionBankAppUITests.xctest */,
			);
			name = Products;
			sourceTree = "<group>";
		};
/* End PBXGroup section */

/* Begin PBXNativeTarget section */
		A9419F4B2FF023FF00CB21C7 /* QuestionBankApp */ = {
			isa = PBXNativeTarget;
			buildConfigurationList = A9419F6F2FF0240100CB21C7 /* Build configuration list for PBXNativeTarget "QuestionBankApp" */;
			buildPhases = (
				A9419F482FF023FF00CB21C7 /* Sources */,
				A9419F492FF023FF00CB21C7 /* Frameworks */,
				A9419F4A2FF023FF00CB21C7 /* Resources */,
			);
			buildRules = (
			);
			dependencies = (
			);
			fileSystemSynchronizedGroups = (
				A9419F4E2FF023FF00CB21C7 /* QuestionBankApp */,
			);
			name = QuestionBankApp;
			packageProductDependencies = (
			);
			productName = QuestionBankApp;
			productReference = A9419F4C2FF023FF00CB21C7 /* QuestionBankApp.app */;
			productType = "com.apple.product-type.application";
		};
		A9419F5A2FF0240100CB21C7 /* QuestionBankAppTests */ = {
			isa = PBXNativeTarget;
			buildConfigurationList = A9419F722FF0240100CB21C7 /* Build configuration list for PBXNativeTarget "QuestionBankAppTests" */;
			buildPhases = (
				A9419F572FF0240100CB21C7 /* Sources */,
				A9419F582FF0240100CB21C7 /* Frameworks */,
				A9419F592FF0240100CB21C7 /* Resources */,
			);
			buildRules = (
			);
			dependencies = (
				A9419F5D2FF0240100CB21C7 /* PBXTargetDependency */,
			);
			fileSystemSynchronizedGroups = (
				A9419F5E2FF0240100CB21C7 /* QuestionBankAppTests */,
			);
			name = QuestionBankAppTests;
			packageProductDependencies = (
			);
			productName = QuestionBankAppTests;
			productReference = A9419F5B2FF0240100CB21C7 /* QuestionBankAppTests.xctest */;
			productType = "com.apple.product-type.bundle.unit-test";
		};
		A9419F642FF0240100CB21C7 /* QuestionBankAppUITests */ = {
			isa = PBXNativeTarget;
			buildConfigurationList = A9419F752FF0240100CB21C7 /* Build configuration list for PBXNativeTarget "QuestionBankAppUITests" */;
			buildPhases = (
				A9419F612FF0240100CB21C7 /* Sources */,
				A9419F622FF0240100CB21C7 /* Frameworks */,
				A9419F632FF0240100CB21C7 /* Resources */,
			);
			buildRules = (
			);
			dependencies = (
				A9419F672FF0240100CB21C7 /* PBXTargetDependency */,
			);
			fileSystemSynchronizedGroups = (
				A9419F682FF0240100CB21C7 /* QuestionBankAppUITests */,
			);
			name = QuestionBankAppUITests;
			packageProductDependencies = (
			);
			productName = QuestionBankAppUITests;
			productReference = A9419F652FF0240100CB21C7 /* QuestionBankAppUITests.xctest */;
			productType = "com.apple.product-type.bundle.ui-testing";
		};
/* End PBXNativeTarget section */

/* Begin PBXProject section */
		A9419F442FF023FF00CB21C7 /* Project object */ = {
			isa = PBXProject;
			attributes = {
				BuildIndependentTargetsInParallel = 1;
				LastSwiftUpdateCheck = 2600;
				LastUpgradeCheck = 2600;
				TargetAttributes = {
					A9419F4B2FF023FF00CB21C7 = {
						CreatedOnToolsVersion = 26.0.1;
					};
					A9419F5A2FF0240100CB21C7 = {
						CreatedOnToolsVersion = 26.0.1;
						TestTargetID = A9419F4B2FF023FF00CB21C7;
					};
					A9419F642FF0240100CB21C7 = {
						CreatedOnToolsVersion = 26.0.1;
						TestTargetID = A9419F4B2FF023FF00CB21C7;
					};
				};
			};
			buildConfigurationList = A9419F472FF023FF00CB21C7 /* Build configuration list for PBXProject "QuestionBankApp" */;
			developmentRegion = en;
			hasScannedForEncodings = 0;
			knownRegions = (
				en,
				Base,
			);
			mainGroup = A9419F432FF023FF00CB21C7;
			minimizedProjectReferenceProxies = 1;
			preferredProjectObjectVersion = 77;
			productRefGroup = A9419F4D2FF023FF00CB21C7 /* Products */;
			projectDirPath = "";
			projectRoot = "";
			targets = (
				A9419F4B2FF023FF00CB21C7 /* QuestionBankApp */,
				A9419F5A2FF0240100CB21C7 /* QuestionBankAppTests */,
				A9419F642FF0240100CB21C7 /* QuestionBankAppUITests */,
			);
		};
/* End PBXProject section */

/* Begin PBXResourcesBuildPhase section */
		A9419F4A2FF023FF00CB21C7 /* Resources */ = {
			isa = PBXResourcesBuildPhase;
			buildActionMask = 2147483647;
			files = (
			);
			runOnlyForDeploymentPostprocessing = 0;
		};
		A9419F592FF0240100CB21C7 /* Resources */ = {
			isa = PBXResourcesBuildPhase;
			buildActionMask = 2147483647;
			files = (
			);
			runOnlyForDeploymentPostprocessing = 0;
		};
		A9419F632FF0240100CB21C7 /* Resources */ = {
			isa = PBXResourcesBuildPhase;
			buildActionMask = 2147483647;
			files = (
			);
			runOnlyForDeploymentPostprocessing = 0;
		};
/* End PBXResourcesBuildPhase section */

/* Begin PBXSourcesBuildPhase section */
		A9419F482FF023FF00CB21C7 /* Sources */ = {
			isa = PBXSourcesBuildPhase;
			buildActionMask = 2147483647;
			files = (
			);
			runOnlyForDeploymentPostprocessing = 0;
		};
		A9419F572FF0240100CB21C7 /* Sources */ = {
			isa = PBXSourcesBuildPhase;
			buildActionMask = 2147483647;
			files = (
			);
			runOnlyForDeploymentPostprocessing = 0;
		};
		A9419F612FF0240100CB21C7 /* Sources */ = {
			isa = PBXSourcesBuildPhase;
			buildActionMask = 2147483647;
			files = (
			);
			runOnlyForDeploymentPostprocessing = 0;
		};
/* End PBXSourcesBuildPhase section */

/* Begin PBXTargetDependency section */
		A9419F5D2FF0240100CB21C7 /* PBXTargetDependency */ = {
			isa = PBXTargetDependency;
			target = A9419F4B2FF023FF00CB21C7 /* QuestionBankApp */;
			targetProxy = A9419F5C2FF0240100CB21C7 /* PBXContainerItemProxy */;
		};
		A9419F672FF0240100CB21C7 /* PBXTargetDependency */ = {
			isa = PBXTargetDependency;
			target = A9419F4B2FF023FF00CB21C7 /* QuestionBankApp */;
			targetProxy = A9419F662FF0240100CB21C7 /* PBXContainerItemProxy */;
		};
/* End PBXTargetDependency section */

/* Begin XCBuildConfiguration section */
		A9419F6D2FF0240100CB21C7 /* Debug */ = {
			isa = XCBuildConfiguration;
			buildSettings = {
				ALWAYS_SEARCH_USER_PATHS = NO;
				ASSETCATALOG_COMPILER_GENERATE_SWIFT_ASSET_SYMBOL_EXTENSIONS = YES;
				CLANG_ANALYZER_NONNULL = YES;
				CLANG_ANALYZER_NUMBER_OBJECT_CONVERSION = YES_AGGRESSIVE;
				CLANG_CXX_LANGUAGE_STANDARD = "gnu++20";
				CLANG_ENABLE_MODULES = YES;
				CLANG_ENABLE_OBJC_ARC = YES;
				CLANG_ENABLE_OBJC_WEAK = YES;
				CLANG_WARN_BLOCK_CAPTURE_AUTORELEASING = YES;
				CLANG_WARN_BOOL_CONVERSION = YES;
				CLANG_WARN_COMMA = YES;
				CLANG_WARN_CONSTANT_CONVERSION = YES;
				CLANG_WARN_DEPRECATED_OBJC_IMPLEMENTATIONS = YES;
				CLANG_WARN_DIRECT_OBJC_ISA_USAGE = YES_ERROR;
				CLANG_WARN_DOCUMENTATION_COMMENTS = YES;
				CLANG_WARN_EMPTY_BODY = YES;
				CLANG_WARN_ENUM_CONVERSION = YES;
				CLANG_WARN_INFINITE_RECURSION = YES;
				CLANG_WARN_INT_CONVERSION = YES;
				CLANG_WARN_NON_LITERAL_NULL_CONVERSION = YES;
				CLANG_WARN_OBJC_IMPLICIT_RETAIN_SELF = YES;
				CLANG_WARN_OBJC_LITERAL_CONVERSION = YES;
				CLANG_WARN_OBJC_ROOT_CLASS = YES_ERROR;
				CLANG_WARN_QUOTED_INCLUDE_IN_FRAMEWORK_HEADER = YES;
				CLANG_WARN_RANGE_LOOP_ANALYSIS = YES;
				CLANG_WARN_STRICT_PROTOTYPES = YES;
				CLANG_WARN_SUSPICIOUS_MOVE = YES;
				CLANG_WARN_UNGUARDED_AVAILABILITY = YES_AGGRESSIVE;
				CLANG_WARN_UNREACHABLE_CODE = YES;
				CLANG_WARN__DUPLICATE_METHOD_MATCH = YES;
				COPY_PHASE_STRIP = NO;
				DEBUG_INFORMATION_FORMAT = dwarf;
				ENABLE_STRICT_OBJC_MSGSEND = YES;
				ENABLE_TESTABILITY = YES;
				ENABLE_USER_SCRIPT_SANDBOXING = YES;
				GCC_C_LANGUAGE_STANDARD = gnu17;
				GCC_DYNAMIC_NO_PIC = NO;
				GCC_NO_COMMON_BLOCKS = YES;
				GCC_OPTIMIZATION_LEVEL = 0;
				GCC_PREPROCESSOR_DEFINITIONS = (
					"DEBUG=1",
					"$(inherited)",
				);
				GCC_WARN_64_TO_32_BIT_CONVERSION = YES;
				GCC_WARN_ABOUT_RETURN_TYPE = YES_ERROR;
				GCC_WARN_UNDECLARED_SELECTOR = YES;
				GCC_WARN_UNINITIALIZED_AUTOS = YES_AGGRESSIVE;
				GCC_WARN_UNUSED_FUNCTION = YES;
				GCC_WARN_UNUSED_VARIABLE = YES;
				IPHONEOS_DEPLOYMENT_TARGET = 26.0;
				LOCALIZATION_PREFERS_STRING_CATALOGS = YES;
				MTL_ENABLE_DEBUG_INFO = INCLUDE_SOURCE;
				MTL_FAST_MATH = YES;
				ONLY_ACTIVE_ARCH = YES;
				SDKROOT = iphoneos;
				SWIFT_ACTIVE_COMPILATION_CONDITIONS = "DEBUG $(inherited)";
				SWIFT_OPTIMIZATION_LEVEL = "-Onone";
			};
			name = Debug;
		};
		A9419F6E2FF0240100CB21C7 /* Release */ = {
			isa = XCBuildConfiguration;
			buildSettings = {
				ALWAYS_SEARCH_USER_PATHS = NO;
				ASSETCATALOG_COMPILER_GENERATE_SWIFT_ASSET_SYMBOL_EXTENSIONS = YES;
				CLANG_ANALYZER_NONNULL = YES;
				CLANG_ANALYZER_NUMBER_OBJECT_CONVERSION = YES_AGGRESSIVE;
				CLANG_CXX_LANGUAGE_STANDARD = "gnu++20";
				CLANG_ENABLE_MODULES = YES;
				CLANG_ENABLE_OBJC_ARC = YES;
				CLANG_ENABLE_OBJC_WEAK = YES;
				CLANG_WARN_BLOCK_CAPTURE_AUTORELEASING = YES;
				CLANG_WARN_BOOL_CONVERSION = YES;
				CLANG_WARN_COMMA = YES;
				CLANG_WARN_CONSTANT_CONVERSION = YES;
				CLANG_WARN_DEPRECATED_OBJC_IMPLEMENTATIONS = YES;
				CLANG_WARN_DIRECT_OBJC_ISA_USAGE = YES_ERROR;
				CLANG_WARN_DOCUMENTATION_COMMENTS = YES;
				CLANG_WARN_EMPTY_BODY = YES;
				CLANG_WARN_ENUM_CONVERSION = YES;
				CLANG_WARN_INFINITE_RECURSION = YES;
				CLANG_WARN_INT_CONVERSION = YES;
				CLANG_WARN_NON_LITERAL_NULL_CONVERSION = YES;
				CLANG_WARN_OBJC_IMPLICIT_RETAIN_SELF = YES;
				CLANG_WARN_OBJC_LITERAL_CONVERSION = YES;
				CLANG_WARN_OBJC_ROOT_CLASS = YES_ERROR;
				CLANG_WARN_QUOTED_INCLUDE_IN_FRAMEWORK_HEADER = YES;
				CLANG_WARN_RANGE_LOOP_ANALYSIS = YES;
				CLANG_WARN_STRICT_PROTOTYPES = YES;
				CLANG_WARN_SUSPICIOUS_MOVE = YES;
				CLANG_WARN_UNGUARDED_AVAILABILITY = YES_AGGRESSIVE;
				CLANG_WARN_UNREACHABLE_CODE = YES;
				CLANG_WARN__DUPLICATE_METHOD_MATCH = YES;
				COPY_PHASE_STRIP = NO;
				DEBUG_INFORMATION_FORMAT = "dwarf-with-dsym";
				ENABLE_NS_ASSERTIONS = NO;
				ENABLE_STRICT_OBJC_MSGSEND = YES;
				ENABLE_USER_SCRIPT_SANDBOXING = YES;
				GCC_C_LANGUAGE_STANDARD = gnu17;
				GCC_NO_COMMON_BLOCKS = YES;
				GCC_WARN_64_TO_32_BIT_CONVERSION = YES;
				GCC_WARN_ABOUT_RETURN_TYPE = YES_ERROR;
				GCC_WARN_UNDECLARED_SELECTOR = YES;
				GCC_WARN_UNINITIALIZED_AUTOS = YES_AGGRESSIVE;
				GCC_WARN_UNUSED_FUNCTION = YES;
				GCC_WARN_UNUSED_VARIABLE = YES;
				IPHONEOS_DEPLOYMENT_TARGET = 26.0;
				LOCALIZATION_PREFERS_STRING_CATALOGS = YES;
				MTL_ENABLE_DEBUG_INFO = NO;
				MTL_FAST_MATH = YES;
				SDKROOT = iphoneos;
				SWIFT_COMPILATION_MODE = wholemodule;
				VALIDATE_PRODUCT = YES;
			};
			name = Release;
		};
		A9419F702FF0240100CB21C7 /* Debug */ = {
			isa = XCBuildConfiguration;
			buildSettings = {
				ASSETCATALOG_COMPILER_APPICON_NAME = AppIcon;
				ASSETCATALOG_COMPILER_GLOBAL_ACCENT_COLOR_NAME = AccentColor;
				CODE_SIGN_STYLE = Automatic;
				CURRENT_PROJECT_VERSION = 1;
				DEVELOPMENT_TEAM = 7P2JUNKZYQ;
				ENABLE_PREVIEWS = YES;
				GENERATE_INFOPLIST_FILE = NO;
				INFOPLIST_FILE = Info.plist;
				LD_RUNPATH_SEARCH_PATHS = (
					"$(inherited)",
					"@executable_path/Frameworks",
				);
				MARKETING_VERSION = 1.0;
				PRODUCT_BUNDLE_IDENTIFIER = name.lsl.QuestionBankApp;
				PRODUCT_NAME = "$(TARGET_NAME)";
				STRING_CATALOG_GENERATE_SYMBOLS = YES;
				SWIFT_APPROACHABLE_CONCURRENCY = YES;
				SWIFT_DEFAULT_ACTOR_ISOLATION = MainActor;
				SWIFT_EMIT_LOC_STRINGS = YES;
				SWIFT_UPCOMING_FEATURE_MEMBER_IMPORT_VISIBILITY = YES;
				SWIFT_VERSION = 5.0;
				TARGETED_DEVICE_FAMILY = "1,2";
			};
			name = Debug;
		};
		A9419F712FF0240100CB21C7 /* Release */ = {
			isa = XCBuildConfiguration;
			buildSettings = {
				ASSETCATALOG_COMPILER_APPICON_NAME = AppIcon;
				ASSETCATALOG_COMPILER_GLOBAL_ACCENT_COLOR_NAME = AccentColor;
				CODE_SIGN_STYLE = Automatic;
				CURRENT_PROJECT_VERSION = 1;
				DEVELOPMENT_TEAM = 7P2JUNKZYQ;
				ENABLE_PREVIEWS = YES;
				GENERATE_INFOPLIST_FILE = NO;
				INFOPLIST_FILE = Info.plist;
				LD_RUNPATH_SEARCH_PATHS = (
					"$(inherited)",
					"@executable_path/Frameworks",
				);
				MARKETING_VERSION = 1.0;
				PRODUCT_BUNDLE_IDENTIFIER = name.lsl.QuestionBankApp;
				PRODUCT_NAME = "$(TARGET_NAME)";
				STRING_CATALOG_GENERATE_SYMBOLS = YES;
				SWIFT_APPROACHABLE_CONCURRENCY = YES;
				SWIFT_DEFAULT_ACTOR_ISOLATION = MainActor;
				SWIFT_EMIT_LOC_STRINGS = YES;
				SWIFT_UPCOMING_FEATURE_MEMBER_IMPORT_VISIBILITY = YES;
				SWIFT_VERSION = 5.0;
				TARGETED_DEVICE_FAMILY = "1,2";
			};
			name = Release;
		};
		A9419F732FF0240100CB21C7 /* Debug */ = {
			isa = XCBuildConfiguration;
			buildSettings = {
				BUNDLE_LOADER = "$(TEST_HOST)";
				CODE_SIGN_STYLE = Automatic;
				CURRENT_PROJECT_VERSION = 1;
				GENERATE_INFOPLIST_FILE = YES;
				IPHONEOS_DEPLOYMENT_TARGET = 26.0;
				MARKETING_VERSION = 1.0;
				PRODUCT_BUNDLE_IDENTIFIER = name.lsl.QuestionBankAppTests;
				PRODUCT_NAME = "$(TARGET_NAME)";
				STRING_CATALOG_GENERATE_SYMBOLS = NO;
				SWIFT_APPROACHABLE_CONCURRENCY = YES;
				SWIFT_EMIT_LOC_STRINGS = NO;
				SWIFT_UPCOMING_FEATURE_MEMBER_IMPORT_VISIBILITY = YES;
				SWIFT_VERSION = 5.0;
				TARGETED_DEVICE_FAMILY = "1,2";
				TEST_HOST = "$(BUILT_PRODUCTS_DIR)/QuestionBankApp.app/$(BUNDLE_EXECUTABLE_FOLDER_PATH)/QuestionBankApp";
			};
			name = Debug;
		};
		A9419F742FF0240100CB21C7 /* Release */ = {
			isa = XCBuildConfiguration;
			buildSettings = {
				BUNDLE_LOADER = "$(TEST_HOST)";
				CODE_SIGN_STYLE = Automatic;
				CURRENT_PROJECT_VERSION = 1;
				GENERATE_INFOPLIST_FILE = YES;
				IPHONEOS_DEPLOYMENT_TARGET = 26.0;
				MARKETING_VERSION = 1.0;
				PRODUCT_BUNDLE_IDENTIFIER = name.lsl.QuestionBankAppTests;
				PRODUCT_NAME = "$(TARGET_NAME)";
				STRING_CATALOG_GENERATE_SYMBOLS = NO;
				SWIFT_APPROACHABLE_CONCURRENCY = YES;
				SWIFT_EMIT_LOC_STRINGS = NO;
				SWIFT_UPCOMING_FEATURE_MEMBER_IMPORT_VISIBILITY = YES;
				SWIFT_VERSION = 5.0;
				TARGETED_DEVICE_FAMILY = "1,2";
				TEST_HOST = "$(BUILT_PRODUCTS_DIR)/QuestionBankApp.app/$(BUNDLE_EXECUTABLE_FOLDER_PATH)/QuestionBankApp";
			};
			name = Release;
		};
		A9419F762FF0240100CB21C7 /* Debug */ = {
			isa = XCBuildConfiguration;
			buildSettings = {
				CODE_SIGN_STYLE = Automatic;
				CURRENT_PROJECT_VERSION = 1;
				GENERATE_INFOPLIST_FILE = YES;
				MARKETING_VERSION = 1.0;
				PRODUCT_BUNDLE_IDENTIFIER = name.lsl.QuestionBankAppUITests;
				PRODUCT_NAME = "$(TARGET_NAME)";
				STRING_CATALOG_GENERATE_SYMBOLS = NO;
				SWIFT_APPROACHABLE_CONCURRENCY = YES;
				SWIFT_EMIT_LOC_STRINGS = NO;
				SWIFT_UPCOMING_FEATURE_MEMBER_IMPORT_VISIBILITY = YES;
				SWIFT_VERSION = 5.0;
				TARGETED_DEVICE_FAMILY = "1,2";
				TEST_TARGET_NAME = QuestionBankApp;
			};
			name = Debug;
		};
		A9419F772FF0240100CB21C7 /* Release */ = {
			isa = XCBuildConfiguration;
			buildSettings = {
				CODE_SIGN_STYLE = Automatic;
				CURRENT_PROJECT_VERSION = 1;
				GENERATE_INFOPLIST_FILE = YES;
				MARKETING_VERSION = 1.0;
				PRODUCT_BUNDLE_IDENTIFIER = name.lsl.QuestionBankAppUITests;
				PRODUCT_NAME = "$(TARGET_NAME)";
				STRING_CATALOG_GENERATE_SYMBOLS = NO;
				SWIFT_APPROACHABLE_CONCURRENCY = YES;
				SWIFT_EMIT_LOC_STRINGS = NO;
				SWIFT_UPCOMING_FEATURE_MEMBER_IMPORT_VISIBILITY = YES;
				SWIFT_VERSION = 5.0;
				TARGETED_DEVICE_FAMILY = "1,2";
				TEST_TARGET_NAME = QuestionBankApp;
			};
			name = Release;
		};
/* End XCBuildConfiguration section */

/* Begin XCConfigurationList section */
		A9419F472FF023FF00CB21C7 /* Build configuration list for PBXProject "QuestionBankApp" */ = {
			isa = XCConfigurationList;
			buildConfigurations = (
				A9419F6D2FF0240100CB21C7 /* Debug */,
				A9419F6E2FF0240100CB21C7 /* Release */,
			);
			defaultConfigurationIsVisible = 0;
			defaultConfigurationName = Release;
		};
		A9419F6F2FF0240100CB21C7 /* Build configuration list for PBXNativeTarget "QuestionBankApp" */ = {
			isa = XCConfigurationList;
			buildConfigurations = (
				A9419F702FF0240100CB21C7 /* Debug */,
				A9419F712FF0240100CB21C7 /* Release */,
			);
			defaultConfigurationIsVisible = 0;
			defaultConfigurationName = Release;
		};
		A9419F722FF0240100CB21C7 /* Build configuration list for PBXNativeTarget "QuestionBankAppTests" */ = {
			isa = XCConfigurationList;
			buildConfigurations = (
				A9419F732FF0240100CB21C7 /* Debug */,
				A9419F742FF0240100CB21C7 /* Release */,
			);
			defaultConfigurationIsVisible = 0;
			defaultConfigurationName = Release;
		};
		A9419F752FF0240100CB21C7 /* Build configuration list for PBXNativeTarget "QuestionBankAppUITests" */ = {
			isa = XCConfigurationList;
			buildConfigurations = (
				A9419F762FF0240100CB21C7 /* Debug */,
				A9419F772FF0240100CB21C7 /* Release */,
			);
			defaultConfigurationIsVisible = 0;
			defaultConfigurationName = Release;
		};
/* End XCConfigurationList section */
	};
	rootObject = A9419F442FF023FF00CB21C7 /* Project object */;
}
